{
  "name": "danoss_web",
  "lockfileVersion": 2,
  "requires": true,
  "packages": {
    "": {
      "dependencies": {
        "@vimeo/player": "^2.18.0",
        "css-scroll-snap-polyfill": "^0.1.2",
        "plyr": "^3.7.3"
      }
    },
    "node_modules/@vimeo/player": {
      "version": "2.18.0",
      "resolved": "https://registry.npmjs.org/@vimeo/player/-/player-2.18.0.tgz",
      "integrity": "sha512-AJ8LQJ0WQXoPO6GBiMRmcBpdpUMnNm12blG/H80BgKD75w/+pLw0t1vzDHCE915O2OlFau6u1Q0QVw2HS1eRvg==",
      "dependencies": {
        "native-promise-only": "0.8.1",
        "weakmap-polyfill": "2.0.4"
      }
    },
    "node_modules/core-js": {
      "version": "3.28.0",
      "resolved": "https://registry.npmjs.org/core-js/-/core-js-3.28.0.tgz",
      "integrity": "sha512-GiZn9D4Z/rSYvTeg1ljAIsEqFm0LaN9gVtwDCrKL80zHtS31p9BAjmTxVqTQDMpwlMolJZOFntUG2uwyj7DAqw==",
      "hasInstallScript": true,
      "funding": {
        "type": "opencollective",
        "url": "https://opencollective.com/core-js"
      }
    },
    "node_modules/css-scroll-snap-polyfill": {
      "version": "0.1.2",
      "resolved": "https://registry.npmjs.org/css-scroll-snap-polyfill/-/css-scroll-snap-polyfill-0.1.2.tgz",
      "integrity": "sha512-IECQUnfBdRixPpraCkHM0DMf6bt56SV3AdfvkWqw2VyaAwDQpHRaJSn+VkD5fLJj1Eivje1qxgdPmjLCeMBhWQ==",
      "dependencies": {
        "polyfill": "^0.1.0"
      }
    },
    "node_modules/custom-event-polyfill": {
      "version": "1.0.7",
      "resolved": "https://registry.npmjs.org/custom-event-polyfill/-/custom-event-polyfill-1.0.7.tgz",
      "integrity": "sha512-TDDkd5DkaZxZFM8p+1I3yAlvM3rSr1wbrOliG4yJiwinMZN8z/iGL7BTlDkrJcYTmgUSb4ywVCc3ZaUtOtC76w=="
    },
    "node_modules/json3": {
      "version": "3.2.4",
      "resolved": "https://registry.npmjs.org/json3/-/json3-3.2.4.tgz",
      "integrity": "sha512-F2R+w8lYbeme21HBvmfTXK3ogopKze5Abjb0cF5mEsZ4KJmDwzR6oO8XsUrrBP0yzpqBRYImh32ci6JKFrte7Q==",
      "deprecated": "Please use the native JSON object instead of JSON 3",
      "engines": {
        "node": "*"
      }
    },
    "node_modules/loadjs": {
      "version": "4.2.0",
      "resolved": "https://registry.npmjs.org/loadjs/-/loadjs-4.2.0.tgz",
      "integrity": "sha512-AgQGZisAlTPbTEzrHPb6q+NYBMD+DP9uvGSIjSUM5uG+0jG15cb8axWpxuOIqrmQjn6scaaH8JwloiP27b2KXA=="
    },
    "node_modules/native-promise-only": {
      "version": "0.8.1",
      "resolved": "https://registry.npmjs.org/native-promise-only/-/native-promise-only-0.8.1.tgz",
      "integrity": "sha512-zkVhZUA3y8mbz652WrL5x0fB0ehrBkulWT3TomAQ9iDtyXZvzKeEA6GPxAItBYeNYl5yngKRX612qHOhvMkDeg=="
    },
    "node_modules/plyr": {
      "version": "3.7.3",
      "resolved": "https://registry.npmjs.org/plyr/-/plyr-3.7.3.tgz",
      "integrity": "sha512-ORULENBvEvvzMYXRQBALDmEi8P+wZt1Hr/NvHqchu/t7E2xJKNkRYWx0qCA1HETIGZ6zobrOVgqeAUqWimS7fQ==",
      "dependencies": {
        "core-js": "^3.26.1",
        "custom-event-polyfill": "^1.0.7",
        "loadjs": "^4.2.0",
        "rangetouch": "^2.0.1",
        "url-polyfill": "^1.1.12"
      }
    },
    "node_modules/polyfill": {
      "version": "0.1.0",
      "resolved": "https://registry.npmjs.org/polyfill/-/polyfill-0.1.0.tgz",
      "integrity": "sha512-EL2FdBj6IBG41Fxd4IoEX3fCDKccLmtlYMS5cCUR4k/rmrc0vRSLLqbgWIy7OQi2oQfNxipQYCckiebomiohyg==",
      "dependencies": {
        "json3": "3.2.4"
      }
    },
    "node_modules/rangetouch": {
      "version": "2.0.1",
      "resolved": "https://registry.npmjs.org/rangetouch/-/rangetouch-2.0.1.tgz",
      "integrity": "sha512-sln+pNSc8NGaHoLzwNBssFSf/rSYkqeBXzX1AtJlkJiUaVSJSbRAWJk+4omsXkN+EJalzkZhWQ3th1m0FpR5xA=="
    },
    "node_modules/url-polyfill": {
      "version": "1.1.12",
      "resolved": "https://registry.npmjs.org/url-polyfill/-/url-polyfill-1.1.12.tgz",
      "integrity": "sha512-mYFmBHCapZjtcNHW0MDq9967t+z4Dmg5CJ0KqysK3+ZbyoNOWQHksGCTWwDhxGXllkWlOc10Xfko6v4a3ucM6A=="
    },
    "node_modules/weakmap-polyfill": {
      "version": "2.0.4",
      "resolved": "https://registry.npmjs.org/weakmap-polyfill/-/weakmap-polyfill-2.0.4.tgz",
      "integrity": "sha512-ZzxBf288iALJseijWelmECm/1x7ZwQn3sMYIkDr2VvZp7r6SEKuT8D0O9Wiq6L9Nl5mazrOMcmiZE/2NCenaxw==",
      "engines": {
        "node": ">=8.10.0"
      }
    }
  },
  "dependencies": {
    "@vimeo/player": {
      "version": "2.18.0",
      "resolved": "https://registry.npmjs.org/@vimeo/player/-/player-2.18.0.tgz",
      "integrity": "sha512-AJ8LQJ0WQXoPO6GBiMRmcBpdpUMnNm12blG/H80BgKD75w/+pLw0t1vzDHCE915O2OlFau6u1Q0QVw2HS1eRvg==",
      "requires": {
        "native-promise-only": "0.8.1",
        "weakmap-polyfill": "2.0.4"
      }
    },
    "core-js": {
      "version": "3.28.0",
      "resolved": "https://registry.npmjs.org/core-js/-/core-js-3.28.0.tgz",
      "integrity": "sha512-GiZn9D4Z/rSYvTeg1ljAIsEqFm0LaN9gVtwDCrKL80zHtS31p9BAjmTxVqTQDMpwlMolJZOFntUG2uwyj7DAqw=="
    },
    "css-scroll-snap-polyfill": {
      "version": "0.1.2",
      "resolved": "https://registry.npmjs.org/css-scroll-snap-polyfill/-/css-scroll-snap-polyfill-0.1.2.tgz",
      "integrity": "sha512-IECQUnfBdRixPpraCkHM0DMf6bt56SV3AdfvkWqw2VyaAwDQpHRaJSn+VkD5fLJj1Eivje1qxgdPmjLCeMBhWQ==",
      "requires": {
        "polyfill": "^0.1.0"
      }
    },
    "custom-event-polyfill": {
      "version": "1.0.7",
      "resolved": "https://registry.npmjs.org/custom-event-polyfill/-/custom-event-polyfill-1.0.7.tgz",
      "integrity": "sha512-TDDkd5DkaZxZFM8p+1I3yAlvM3rSr1wbrOliG4yJiwinMZN8z/iGL7BTlDkrJcYTmgUSb4ywVCc3ZaUtOtC76w=="
    },
    "json3": {
      "version": "3.2.4",
      "resolved": "https://registry.npmjs.org/json3/-/json3-3.2.4.tgz",
      "integrity": "sha512-F2R+w8lYbeme21HBvmfTXK3ogopKze5Abjb0cF5mEsZ4KJmDwzR6oO8XsUrrBP0yzpqBRYImh32ci6JKFrte7Q=="
    },
    "loadjs": {
      "version": "4.2.0",
      "resolved": "https://registry.npmjs.org/loadjs/-/loadjs-4.2.0.tgz",
      "integrity": "sha512-AgQGZisAlTPbTEzrHPb6q+NYBMD+DP9uvGSIjSUM5uG+0jG15cb8axWpxuOIqrmQjn6scaaH8JwloiP27b2KXA=="
    },
    "native-promise-only": {
      "version": "0.8.1",
      "resolved": "https://registry.npmjs.org/native-promise-only/-/native-promise-only-0.8.1.tgz",
      "integrity": "sha512-zkVhZUA3y8mbz652WrL5x0fB0ehrBkulWT3TomAQ9iDtyXZvzKeEA6GPxAItBYeNYl5yngKRX612qHOhvMkDeg=="
    },
    "plyr": {
      "version": "3.7.3",
      "resolved": "https://registry.npmjs.org/plyr/-/plyr-3.7.3.tgz",
      "integrity": "sha512-ORULENBvEvvzMYXRQBALDmEi8P+wZt1Hr/NvHqchu/t7E2xJKNkRYWx0qCA1HETIGZ6zobrOVgqeAUqWimS7fQ==",
      "requires": {
        "core-js": "^3.26.1",
        "custom-event-polyfill": "^1.0.7",
        "loadjs": "^4.2.0",
        "rangetouch": "^2.0.1",
        "url-polyfill": "^1.1.12"
      }
    },
    "polyfill": {
      "version": "0.1.0",
      "resolved": "https://registry.npmjs.org/polyfill/-/polyfill-0.1.0.tgz",
      "integrity": "sha512-EL2FdBj6IBG41Fxd4IoEX3fCDKccLmtlYMS5cCUR4k/rmrc0vRSLLqbgWIy7OQi2oQfNxipQYCckiebomiohyg==",
      "requires": {
        "json3": "3.2.4"
      }
    },
    "rangetouch": {
      "version": "2.0.1",
      "resolved": "https://registry.npmjs.org/rangetouch/-/rangetouch-2.0.1.tgz",
      "integrity": "sha512-sln+pNSc8NGaHoLzwNBssFSf/rSYkqeBXzX1AtJlkJiUaVSJSbRAWJk+4omsXkN+EJalzkZhWQ3th1m0FpR5xA=="
    },
    "url-polyfill": {
      "version": "1.1.12",
      "resolved": "https://registry.npmjs.org/url-polyfill/-/url-polyfill-1.1.12.tgz",
      "integrity": "sha512-mYFmBHCapZjtcNHW0MDq9967t+z4Dmg5CJ0KqysK3+ZbyoNOWQHksGCTWwDhxGXllkWlOc10Xfko6v4a3ucM6A=="
    },
    "weakmap-polyfill": {
      "version": "2.0.4",
      "resolved": "https://registry.npmjs.org/weakmap-polyfill/-/weakmap-polyfill-2.0.4.tgz",
      "integrity": "sha512-ZzxBf288iALJseijWelmECm/1x7ZwQn3sMYIkDr2VvZp7r6SEKuT8D0O9Wiq6L9Nl5mazrOMcmiZE/2NCenaxw=="
    }
  }
}
